# THIS IS AN AUTOGENERATED FILE. DO NOT EDIT THIS FILE DIRECTLY.
# yarn lockfile v1


randomcolor@^0.6.2:
  version "0.6.2"
  resolved "https://registry.yarnpkg.com/randomcolor/-/randomcolor-0.6.2.tgz#7a57362ae1a1278439aeed2c15e5deb8ea33f56d"
  integrity sha512-Mn6TbyYpFgwFuQ8KJKqf3bqqY9O1y37/0jgSK/61PUxV4QfIMv0+K2ioq8DfOjkBslcjwSzRfIDEXfzA9aCx7A==
